
Microsoft Visual Studio Solution File, Format Version 12.00
# Visual Studio 15
VisualStudioVersion = 15.0.26730.12
MinimumVisualStudioVersion = 10.0.40219.1
Project("{FAE04EC0-301F-11D3-BF4B-00C04F79EFBC}") = "dashbordInRollbaseEconomy", "TelerikWebApp1\dashbordInRollbaseEconomy.csproj", "{3451E829-7E52-4DE1-98F6-E33D3E8BF91E}"
EndProject
Project("{FAE04EC0-301F-11D3-BF4B-00C04F79EFBC}") = "EconomyLeumiPage", "EconomyLeumiPage\EconomyLeumiPage.csproj", "{C5EC64E9-FA61-445B-9271-49287A2E1A74}"
EndProject
Project("{FAE04EC0-301F-11D3-BF4B-00C04F79EFBC}") = "MachozPageEconomy", "MachozPageEconomy\MachozPageEconomy.csproj", "{2B0DCEAB-C929-4150-9139-4B3CEB87B749}"
EndProject
Project("{FAE04EC0-301F-11D3-BF4B-00C04F79EFBC}") = "LeumiSOFI", "LeumiSOFI\LeumiSOFI.csproj", "{03FAB60E-0CAD-4EF8-8162-44BFFCBCA719}"
EndProject
Project("{FAE04EC0-301F-11D3-BF4B-00C04F79EFBC}") = "MarketingDashboard", "MarketingDashboard\MarketingDashboard.csproj", "{D4C59402-BF1E-4E45-90F6-108B16A188ED}"
EndProject
Project("{FAE04EC0-301F-11D3-BF4B-00C04F79EFBC}") = "MichrazNEW_regularTenant", "MichrazNEW_regularTenant\MichrazNEW_regularTenant.csproj", "{ECC201B6-5031-44E7-A5BA-36EC21D2ECAB}"
EndProject
Project("{FAE04EC0-301F-11D3-BF4B-00C04F79EFBC}") = "EconomyDashboardTRIAL", "EconomyDashboardTRIAL\EconomyDashboardTRIAL.csproj", "{D09FE9D0-3204-4278-AFA6-BA241471A685}"
EndProject
Project("{FAE04EC0-301F-11D3-BF4B-00C04F79EFBC}") = "Economy12_12_2017", "Economy12_12_2017\Economy12_12_2017.csproj", "{54CDC023-EA88-44F3-9E0E-C5B5F9939A56}"
EndProject
Global
	GlobalSection(SolutionConfigurationPlatforms) = preSolution
		Debug|Any CPU = Debug|Any CPU
		Release|Any CPU = Release|Any CPU
	EndGlobalSection
	GlobalSection(ProjectConfigurationPlatforms) = postSolution
		{3451E829-7E52-4DE1-98F6-E33D3E8BF91E}.Debug|Any CPU.ActiveCfg = Debug|Any CPU
		{3451E829-7E52-4DE1-98F6-E33D3E8BF91E}.Debug|Any CPU.Build.0 = Debug|Any CPU
		{3451E829-7E52-4DE1-98F6-E33D3E8BF91E}.Release|Any CPU.ActiveCfg = Release|Any CPU
		{3451E829-7E52-4DE1-98F6-E33D3E8BF91E}.Release|Any CPU.Build.0 = Release|Any CPU
		{C5EC64E9-FA61-445B-9271-49287A2E1A74}.Debug|Any CPU.ActiveCfg = Debug|Any CPU
		{C5EC64E9-FA61-445B-9271-49287A2E1A74}.Debug|Any CPU.Build.0 = Debug|Any CPU
		{C5EC64E9-FA61-445B-9271-49287A2E1A74}.Release|Any CPU.ActiveCfg = Release|Any CPU
		{C5EC64E9-FA61-445B-9271-49287A2E1A74}.Release|Any CPU.Build.0 = Release|Any CPU
		{2B0DCEAB-C929-4150-9139-4B3CEB87B749}.Debug|Any CPU.ActiveCfg = Debug|Any CPU
		{2B0DCEAB-C929-4150-9139-4B3CEB87B749}.Debug|Any CPU.Build.0 = Debug|Any CPU
		{2B0DCEAB-C929-4150-9139-4B3CEB87B749}.Release|Any CPU.ActiveCfg = Release|Any CPU
		{2B0DCEAB-C929-4150-9139-4B3CEB87B749}.Release|Any CPU.Build.0 = Release|Any CPU
		{03FAB60E-0CAD-4EF8-8162-44BFFCBCA719}.Debug|Any CPU.ActiveCfg = Debug|Any CPU
		{03FAB60E-0CAD-4EF8-8162-44BFFCBCA719}.Debug|Any CPU.Build.0 = Debug|Any CPU
		{03FAB60E-0CAD-4EF8-8162-44BFFCBCA719}.Release|Any CPU.ActiveCfg = Release|Any CPU
		{03FAB60E-0CAD-4EF8-8162-44BFFCBCA719}.Release|Any CPU.Build.0 = Release|Any CPU
		{D4C59402-BF1E-4E45-90F6-108B16A188ED}.Debug|Any CPU.ActiveCfg = Debug|Any CPU
		{D4C59402-BF1E-4E45-90F6-108B16A188ED}.Debug|Any CPU.Build.0 = Debug|Any CPU
		{D4C59402-BF1E-4E45-90F6-108B16A188ED}.Release|Any CPU.ActiveCfg = Release|Any CPU
		{D4C59402-BF1E-4E45-90F6-108B16A188ED}.Release|Any CPU.Build.0 = Release|Any CPU
		{ECC201B6-5031-44E7-A5BA-36EC21D2ECAB}.Debug|Any CPU.ActiveCfg = Debug|Any CPU
		{ECC201B6-5031-44E7-A5BA-36EC21D2ECAB}.Debug|Any CPU.Build.0 = Debug|Any CPU
		{ECC201B6-5031-44E7-A5BA-36EC21D2ECAB}.Release|Any CPU.ActiveCfg = Release|Any CPU
		{ECC201B6-5031-44E7-A5BA-36EC21D2ECAB}.Release|Any CPU.Build.0 = Release|Any CPU
		{D09FE9D0-3204-4278-AFA6-BA241471A685}.Debug|Any CPU.ActiveCfg = Debug|Any CPU
		{D09FE9D0-3204-4278-AFA6-BA241471A685}.Debug|Any CPU.Build.0 = Debug|Any CPU
		{D09FE9D0-3204-4278-AFA6-BA241471A685}.Release|Any CPU.ActiveCfg = Release|Any CPU
		{D09FE9D0-3204-4278-AFA6-BA241471A685}.Release|Any CPU.Build.0 = Release|Any CPU
		{54CDC023-EA88-44F3-9E0E-C5B5F9939A56}.Debug|Any CPU.ActiveCfg = Debug|Any CPU
		{54CDC023-EA88-44F3-9E0E-C5B5F9939A56}.Debug|Any CPU.Build.0 = Debug|Any CPU
		{54CDC023-EA88-44F3-9E0E-C5B5F9939A56}.Release|Any CPU.ActiveCfg = Release|Any CPU
		{54CDC023-EA88-44F3-9E0E-C5B5F9939A56}.Release|Any CPU.Build.0 = Release|Any CPU
	EndGlobalSection
	GlobalSection(SolutionProperties) = preSolution
		HideSolutionNode = FALSE
	EndGlobalSection
	GlobalSection(ExtensibilityGlobals) = postSolution
		SolutionGuid = {3192D10A-E07D-4EF0-8BFC-8B38CBF625D5}
	EndGlobalSection
EndGlobal
